// !$*UTF8*$!
{
	archiveVersion = 1;
	classes = {
	};
	objectVersion = 50;
	objects = {

/* Begin PBXBuildFile section */
		6E6625D02588CAC400D4F7A3 /* AppDelegate.swift in Sources */ = {isa = PBXBuildFile; fileRef = 6E6625CF2588CAC400D4F7A3 /* AppDelegate.swift */; };
		6E6625D22588CAC400D4F7A3 /* SceneDelegate.swift in Sources */ = {isa = PBXBuildFile; fileRef = 6E6625D12588CAC400D4F7A3 /* SceneDelegate.swift */; };
		6E6625D42588CAC400D4F7A3 /* ViewController.swift in Sources */ = {isa = PBXBuildFile; fileRef = 6E6625D32588CAC400D4F7A3 /* ViewController.swift */; };
		6E6625D72588CAC400D4F7A3 /* Main.storyboard in Resources */ = {isa = PBXBuildFile; fileRef = 6E6625D52588CAC400D4F7A3 /* Main.storyboard */; };
		6E6625D92588CAC500D4F7A3 /* Assets.xcassets in Resources */ = {isa = PBXBuildFile; fileRef = 6E6625D82588CAC500D4F7A3 /* Assets.xcassets */; };
		6E6625DC2588CAC500D4F7A3 /* LaunchScreen.storyboard in Resources */ = {isa = PBXBuildFile; fileRef = 6E6625DA2588CAC500D4F7A3 /* LaunchScreen.storyboard */; };
		6E6625E72588CAC500D4F7A3 /* FoodTrackerTests.swift in Sources */ = {isa = PBXBuildFile; fileRef = 6E6625E62588CAC500D4F7A3 /* FoodTrackerTests.swift */; };
		6E6625F22588CAC500D4F7A3 /* FoodTrackerUITests.swift in Sources */ = {isa = PBXBuildFile; fileRef = 6E6625F12588CAC500D4F7A3 /* FoodTrackerUITests.swift */; };
/* End PBXBuildFile section */

/* Begin PBXContainerItemProxy section */
		6E6625E32588CAC500D4F7A3 /* PBXContainerItemProxy */ = {
			isa = PBXContainerItemProxy;
			containerPortal = 6E6625C42588CAC400D4F7A3 /* Project object */;
			proxyType = 1;
			remoteGlobalIDString = 6E6625CB2588CAC400D4F7A3;
			remoteInfo = FoodTracker;
		};
		6E6625EE2588CAC500D4F7A3 /* PBXContainerItemProxy */ = {
			isa = PBXContainerItemProxy;
			containerPortal = 6E6625C42588CAC400D4F7A3 /* Project object */;
			proxyType = 1;
			remoteGlobalIDString = 6E6625CB2588CAC400D4F7A3;
			remoteInfo = FoodTracker;
		};
/* End PBXContainerItemProxy section */

/* Begin PBXFileReference section */
		6E6625CC2588CAC400D4F7A3 /* FoodTracker.app */ = {isa = PBXFileReference; explicitFileType = wrapper.application; includeInIndex = 0; path = FoodTracker.app; sourceTree = BUILT_PRODUCTS_DIR; };
		6E6625CF2588CAC400D4F7A3 /* AppDelegate.swift */ = {isa = PBXFileReference; lastKnownFileType = sourcecode.swift; path = AppDelegate.swift; sourceTree = "<group>"; };
		6E6625D12588CAC400D4F7A3 /* SceneDelegate.swift */ = {isa = PBXFileReference; lastKnownFileType = sourcecode.swift; path = SceneDelegate.swift; sourceTree = "<group>"; };
		6E6625D32588CAC400D4F7A3 /* ViewController.swift */ = {isa = PBXFileReference; lastKnownFileType = sourcecode.swift; path = ViewController.swift; sourceTree = "<group>"; };
		6E6625D62588CAC400D4F7A3 /* Base */ = {isa = PBXFileReference; lastKnownFileType = file.storyboard; name = Base; path = Base.lproj/Main.storyboard; sourceTree = "<group>"; };
		6E6625D82588CAC500D4F7A3 /* Assets.xcassets */ = {isa = PBXFileReference; lastKnownFileType = folder.assetcatalog; path = Assets.xcassets; sourceTree = "<group>"; };
		6E6625DB2588CAC500D4F7A3 /* Base */ = {isa = PBXFileReference; lastKnownFileType = file.storyboard; name = Base; path = Base.lproj/LaunchScreen.storyboard; sourceTree = "<group>"; };
		6E6625DD2588CAC500D4F7A3 /* Info.plist */ = {isa = PBXFileReference; lastKnownFileType = text.plist.xml; path = Info.plist; sourceTree = "<group>"; };
		6E6625E22588CAC500D4F7A3 /* FoodTrackerTests.xctest */ = {isa = PBXFileReference; explicitFileType = wrapper.cfbundle; includeInIndex = 0; path = FoodTrackerTests.xctest; sourceTree = BUILT_PRODUCTS_DIR; };
		6E6625E62588CAC500D4F7A3 /* FoodTrackerTests.swift */ = {isa = PBXFileReference; lastKnownFileType = sourcecode.swift; path = FoodTrackerTests.swift; sourceTree = "<group>"; };
		6E6625E82588CAC500D4F7A3 /* Info.plist */ = {isa = PBXFileReference; lastKnownFileType = text.plist.xml; path = Info.plist; sourceTree = "<group>"; };
		6E6625ED2588CAC500D4F7A3 /* FoodTrackerUITests.xctest */ = {isa = PBXFileReference; explicitFileType = wrapper.cfbundle; includeInIndex = 0; path = FoodTrackerUITests.xctest; sourceTree = BUILT_PRODUCTS_DIR; };
		6E6625F12588CAC500D4F7A3 /* FoodTrackerUITests.swift */ = {isa = PBXFileReference; lastKnownFileType = sourcecode.swift; path = FoodTrackerUITests.swift; sourceTree = "<group>"; };
		6E6625F32588CAC500D4F7A3 /* Info.plist */ = {isa = PBXFileReference; lastKnownFileType = text.plist.xml; path = Info.plist; sourceTree = "<group>"; };
/* End PBXFileReference section */

/* Begin PBXFrameworksBuildPhase section */
		6E6625C92588CAC400D4F7A3 /* Frameworks */ = {
			isa = PBXFrameworksBuildPhase;
			buildActionMask = 2147483647;
			files = (
			);
			runOnlyForDeploymentPostprocessing = 0;
		};
		6E6625DF2588CAC500D4F7A3 /* Frameworks */ = {
			isa = PBXFrameworksBuildPhase;
			buildActionMask = 2147483647;
			files = (
			);
			runOnlyForDeploymentPostprocessing = 0;
		};
		6E6625EA2588CAC500D4F7A3 /* Frameworks */ = {
			isa = PBXFrameworksBuildPhase;
			buildActionMask = 2147483647;
			files = (
			);
			runOnlyForDeploymentPostprocessing = 0;
		};
/* End PBXFrameworksBuildPhase section */

/* Begin PBXGroup section */
		6E6625C32588CAC400D4F7A3 = {
			isa = PBXGroup;
			children = (
				6E6625CE2588CAC400D4F7A3 /* FoodTracker */,
				6E6625E52588CAC500D4F7A3 /* FoodTrackerTests */,
				6E6625F02588CAC500D4F7A3 /* FoodTrackerUITests */,
				6E6625CD2588CAC400D4F7A3 /* Products */,
			);
			sourceTree = "<group>";
		};
		6E6625CD2588CAC400D4F7A3 /* Products */ = {
			isa = PBXGroup;
			children = (
				6E6625CC2588CAC400D4F7A3 /* FoodTracker.app */,
				6E6625E22588CAC500D4F7A3 /* FoodTrackerTests.xctest */,
				6E6625ED2588CAC500D4F7A3 /* FoodTrackerUITests.xctest */,
			);
			name = Products;
			sourceTree = "<group>";
		};
		6E6625CE2588CAC400D4F7A3 /* FoodTracker */ = {
			isa = PBXGroup;
			children = (
				6E6625CF2588CAC400D4F7A3 /* AppDelegate.swift */,
				6E6625D12588CAC400D4F7A3 /* SceneDelegate.swift */,
				6E6625D32588CAC400D4F7A3 /* ViewController.swift */,
				6E6625D52588CAC400D4F7A3 /* Main.storyboard */,
				6E6625D82588CAC500D4F7A3 /* Assets.xcassets */,
				6E6625DA2588CAC500D4F7A3 /* LaunchScreen.storyboard */,
				6E6625DD2588CAC500D4F7A3 /* Info.plist */,
			);
			path = FoodTracker;
			sourceTree = "<group>";
		};
		6E6625E52588CAC500D4F7A3 /* FoodTrackerTests */ = {
			isa = PBXGroup;
			children = (
				6E6625E62588CAC500D4F7A3 /* FoodTrackerTests.swift */,
				6E6625E82588CAC500D4F7A3 /* Info.plist */,
			);
			path = FoodTrackerTests;
			sourceTree = "<group>";
		};
		6E6625F02588CAC500D4F7A3 /* FoodTrackerUITests */ = {
			isa = PBXGroup;
			children = (
				6E6625F12588CAC500D4F7A3 /* FoodTrackerUITests.swift */,
				6E6625F32588CAC500D4F7A3 /* Info.plist */,
			);
			path = FoodTrackerUITests;
			sourceTree = "<group>";
		};
/* End PBXGroup section */

/* Begin PBXNativeTarget section */
		6E6625CB2588CAC400D4F7A3 /* FoodTracker */ = {
			isa = PBXNativeTarget;
			buildConfigurationList = 6E6625F62588CAC500D4F7A3 /* Build configuration list for PBXNativeTarget "FoodTracker" */;
			buildPhases = (
				6E6625C82588CAC400D4F7A3 /* Sources */,
				6E6625C92588CAC400D4F7A3 /* Frameworks */,
				6E6625CA2588CAC400D4F7A3 /* Resources */,
			);
			buildRules = (
			);
			dependencies = (
			);
			name = FoodTracker;
			productName = FoodTracker;
			productReference = 6E6625CC2588CAC400D4F7A3 /* FoodTracker.app */;
			productType = "com.apple.product-type.application";
		};
		6E6625E12588CAC500D4F7A3 /* FoodTrackerTests */ = {
			isa = PBXNativeTarget;
			buildConfigurationList = 6E6625F92588CAC500D4F7A3 /* Build configuration list for PBXNativeTarget "FoodTrackerTests" */;
			buildPhases = (
				6E6625DE2588CAC500D4F7A3 /* Sources */,
				6E6625DF2588CAC500D4F7A3 /* Frameworks */,
				6E6625E02588CAC500D4F7A3 /* Resources */,
			);
			buildRules = (
			);
			dependencies = (
				6E6625E42588CAC500D4F7A3 /* PBXTargetDependency */,
			);
			name = FoodTrackerTests;
			productName = FoodTrackerTests;
			productReference = 6E6625E22588CAC500D4F7A3 /* FoodTrackerTests.xctest */;
			productType = "com.apple.product-type.bundle.unit-test";
		};
		6E6625EC2588CAC500D4F7A3 /* FoodTrackerUITests */ = {
			isa = PBXNativeTarget;
			buildConfigurationList = 6E6625FC2588CAC500D4F7A3 /* Build configuration list for PBXNativeTarget "FoodTrackerUITests" */;
			buildPhases = (
				6E6625E92588CAC500D4F7A3 /* Sources */,
				6E6625EA2588CAC500D4F7A3 /* Frameworks */,
				6E6625EB2588CAC500D4F7A3 /* Resources */,
			);
			buildRules = (
			);
			dependencies = (
				6E6625EF2588CAC500D4F7A3 /* PBXTargetDependency */,
			);
			name = FoodTrackerUITests;
			productName = FoodTrackerUITests;
			productReference = 6E6625ED2588CAC500D4F7A3 /* FoodTrackerUITests.xctest */;
			productType = "com.apple.product-type.bundle.ui-testing";
		};
/* End PBXNativeTarget section */

/* Begin PBXProject section */
		6E6625C42588CAC400D4F7A3 /* Project object */ = {
			isa = PBXProject;
			attributes = {
				LastSwiftUpdateCheck = 1230;
				LastUpgradeCheck = 1230;
				TargetAttributes = {
					6E6625CB2588CAC400D4F7A3 = {
						CreatedOnToolsVersion = 12.3;
					};
					6E6625E12588CAC500D4F7A3 = {
						CreatedOnToolsVersion = 12.3;
						TestTargetID = 6E6625CB2588CAC400D4F7A3;
					};
					6E6625EC2588CAC500D4F7A3 = {
						CreatedOnToolsVersion = 12.3;
						TestTargetID = 6E6625CB2588CAC400D4F7A3;
					};
				};
			};
			buildConfigurationList = 6E6625C72588CAC400D4F7A3 /* Build configuration list for PBXProject "FoodTracker" */;
			compatibilityVersion = "Xcode 9.3";
			developmentRegion = en;
			hasScannedForEncodings = 0;
			knownRegions = (
				en,
				Base,
			);
			mainGroup = 6E6625C32588CAC400D4F7A3;
			productRefGroup = 6E6625CD2588CAC400D4F7A3 /* Products */;
			projectDirPath = "";
			projectRoot = "";
			targets = (
				6E6625CB2588CAC400D4F7A3 /* FoodTracker */,
				6E6625E12588CAC500D4F7A3 /* FoodTrackerTests */,
				6E6625EC2588CAC500D4F7A3 /* FoodTrackerUITests */,
			);
		};
/* End PBXProject section */

/* Begin PBXResourcesBuildPhase section */
		6E6625CA2588CAC400D4F7A3 /* Resources */ = {
			isa = PBXResourcesBuildPhase;
			buildActionMask = 2147483647;
			files = (
				6E6625DC2588CAC500D4F7A3 /* LaunchScreen.storyboard in Resources */,
				6E6625D92588CAC500D4F7A3 /* Assets.xcassets in Resources */,
				6E6625D72588CAC400D4F7A3 /* Main.storyboard in Resources */,
			);
			runOnlyForDeploymentPostprocessing = 0;
		};
		6E6625E02588CAC500D4F7A3 /* Resources */ = {
			isa = PBXResourcesBuildPhase;
			buildActionMask = 2147483647;
			files = (
			);
			runOnlyForDeploymentPostprocessing = 0;
		};
		6E6625EB2588CAC500D4F7A3 /* Resources */ = {
			isa = PBXResourcesBuildPhase;
			buildActionMask = 2147483647;
			files = (
			);
			runOnlyForDeploymentPostprocessing = 0;
		};
/* End PBXResourcesBuildPhase section */

/* Begin PBXSourcesBuildPhase section */
		6E6625C82588CAC400D4F7A3 /* Sources */ = {
			isa = PBXSourcesBuildPhase;
			buildActionMask = 2147483647;
			files = (
				6E6625D42588CAC400D4F7A3 /* ViewController.swift in Sources */,
				6E6625D02588CAC400D4F7A3 /* AppDelegate.swift in Sources */,
				6E6625D22588CAC400D4F7A3 /* SceneDelegate.swift in Sources */,
			);
			runOnlyForDeploymentPostprocessing = 0;
		};
		6E6625DE2588CAC500D4F7A3 /* Sources */ = {
			isa = PBXSourcesBuildPhase;
			buildActionMask = 2147483647;
			files = (
				6E6625E72588CAC500D4F7A3 /* FoodTrackerTests.swift in Sources */,
			);
			runOnlyForDeploymentPostprocessing = 0;
		};
		6E6625E92588CAC500D4F7A3 /* Sources */ = {
			isa = PBXSourcesBuildPhase;
			buildActionMask = 2147483647;
			files = (
				6E6625F22588CAC500D4F7A3 /* FoodTrackerUITests.swift in Sources */,
			);
			runOnlyForDeploymentPostprocessing = 0;
		};
/* End PBXSourcesBuildPhase section */

/* Begin PBXTargetDependency section */
		6E6625E42588CAC500D4F7A3 /* PBXTargetDependency */ = {
			isa = PBXTargetDependency;
			target = 6E6625CB2588CAC400D4F7A3 /* FoodTracker */;
			targetProxy = 6E6625E32588CAC500D4F7A3 /* PBXContainerItemProxy */;
		};
		6E6625EF2588CAC500D4F7A3 /* PBXTargetDependency */ = {
			isa = PBXTargetDependency;
			target = 6E6625CB2588CAC400D4F7A3 /* FoodTracker */;
			targetProxy = 6E6625EE2588CAC500D4F7A3 /* PBXContainerItemProxy */;
		};
/* End PBXTargetDependency section */

/* Begin PBXVariantGroup section */
		6E6625D52588CAC400D4F7A3 /* Main.storyboard */ = {
			isa = PBXVariantGroup;
			children = (
				6E6625D62588CAC400D4F7A3 /* Base */,
			);
			name = Main.storyboard;
			sourceTree = "<group>";
		};
		6E6625DA2588CAC500D4F7A3 /* LaunchScreen.storyboard */ = {
			isa = PBXVariantGroup;
			children = (
				6E6625DB2588CAC500D4F7A3 /* Base */,
			);
			name = LaunchScreen.storyboard;
			sourceTree = "<group>";
		};
/* End PBXVariantGroup section */

/* Begin XCBuildConfiguration section */
		6E6625F42588CAC500D4F7A3 /* Debug */ = {
			isa = XCBuildConfiguration;
			buildSettings = {
				ALWAYS_SEARCH_USER_PATHS = NO;
				CLANG_ANALYZER_NONNULL = YES;
				CLANG_ANALYZER_NUMBER_OBJECT_CONVERSION = YES_AGGRESSIVE;
				CLANG_CXX_LANGUAGE_STANDARD = "gnu++14";
				CLANG_CXX_LIBRARY = "libc++";
				CLANG_ENABLE_MODULES = YES;
				CLANG_ENABLE_OBJC_ARC = YES;
				CLANG_ENABLE_OBJC_WEAK = YES;
				CLANG_WARN_BLOCK_CAPTURE_AUTORELEASING = YES;
				CLANG_WARN_BOOL_CONVERSION = YES;
				CLANG_WARN_COMMA = YES;
				CLANG_WARN_CONSTANT_CONVERSION = YES;
				CLANG_WARN_DEPRECATED_OBJC_IMPLEMENTATIONS = YES;
				CLANG_WARN_DIRECT_OBJC_ISA_USAGE = YES_ERROR;
				CLANG_WARN_DOCUMENTATION_COMMENTS = YES;
				CLANG_WARN_EMPTY_BODY = YES;
				CLANG_WARN_ENUM_CONVERSION = YES;
				CLANG_WARN_INFINITE_RECURSION = YES;
				CLANG_WARN_INT_CONVERSION = YES;
				CLANG_WARN_NON_LITERAL_NULL_CONVERSION = YES;
				CLANG_WARN_OBJC_IMPLICIT_RETAIN_SELF = YES;
				CLANG_WARN_OBJC_LITERAL_CONVERSION = YES;
				CLANG_WARN_OBJC_ROOT_CLASS = YES_ERROR;
				CLANG_WARN_QUOTED_INCLUDE_IN_FRAMEWORK_HEADER = YES;
				CLANG_WARN_RANGE_LOOP_ANALYSIS = YES;
				CLANG_WARN_STRICT_PROTOTYPES = YES;
				CLANG_WARN_SUSPICIOUS_MOVE = YES;
				CLANG_WARN_UNGUARDED_AVAILABILITY = YES_AGGRESSIVE;
				CLANG_WARN_UNREACHABLE_CODE = YES;
				CLANG_WARN__DUPLICATE_METHOD_MATCH = YES;
				COPY_PHASE_STRIP = NO;
				DEBUG_INFORMATION_FORMAT = dwarf;
				ENABLE_STRICT_OBJC_MSGSEND = YES;
				ENABLE_TESTABILITY = YES;
				GCC_C_LANGUAGE_STANDARD = gnu11;
				GCC_DYNAMIC_NO_PIC = NO;
				GCC_NO_COMMON_BLOCKS = YES;
				GCC_OPTIMIZATION_LEVEL = 0;
				GCC_PREPROCESSOR_DEFINITIONS = (
					"DEBUG=1",
					"$(inherited)",
				);
				GCC_WARN_64_TO_32_BIT_CONVERSION = YES;
				GCC_WARN_ABOUT_RETURN_TYPE = YES_ERROR;
				GCC_WARN_UNDECLARED_SELECTOR = YES;
				GCC_WARN_UNINITIALIZED_AUTOS = YES_AGGRESSIVE;
				GCC_WARN_UNUSED_FUNCTION = YES;
				GCC_WARN_UNUSED_VARIABLE = YES;
				IPHONEOS_DEPLOYMENT_TARGET = 14.3;
				MTL_ENABLE_DEBUG_INFO = INCLUDE_SOURCE;
				MTL_FAST_MATH = YES;
				ONLY_ACTIVE_ARCH = YES;
				SDKROOT = iphoneos;
				SWIFT_ACTIVE_COMPILATION_CONDITIONS = DEBUG;
				SWIFT_OPTIMIZATION_LEVEL = "-Onone";
			};
			name = Debug;
		};
		6E6625F52588CAC500D4F7A3 /* Release */ = {
			isa = XCBuildConfiguration;
			buildSettings = {
				ALWAYS_SEARCH_USER_PATHS = NO;
				CLANG_ANALYZER_NONNULL = YES;
				CLANG_ANALYZER_NUMBER_OBJECT_CONVERSION = YES_AGGRESSIVE;
				CLANG_CXX_LANGUAGE_STANDARD = "gnu++14";
				CLANG_CXX_LIBRARY = "libc++";
				CLANG_ENABLE_MODULES = YES;
				CLANG_ENABLE_OBJC_ARC = YES;
				CLANG_ENABLE_OBJC_WEAK = YES;
				CLANG_WARN_BLOCK_CAPTURE_AUTORELEASING = YES;
				CLANG_WARN_BOOL_CONVERSION = YES;
				CLANG_WARN_COMMA = YES;
				CLANG_WARN_CONSTANT_CONVERSION = YES;
				CLANG_WARN_DEPRECATED_OBJC_IMPLEMENTATIONS = YES;
				CLANG_WARN_DIRECT_OBJC_ISA_USAGE = YES_ERROR;
				CLANG_WARN_DOCUMENTATION_COMMENTS = YES;
				CLANG_WARN_EMPTY_BODY = YES;
				CLANG_WARN_ENUM_CONVERSION = YES;
				CLANG_WARN_INFINITE_RECURSION = YES;
				CLANG_WARN_INT_CONVERSION = YES;
				CLANG_WARN_NON_LITERAL_NULL_CONVERSION = YES;
				CLANG_WARN_OBJC_IMPLICIT_RETAIN_SELF = YES;
				CLANG_WARN_OBJC_LITERAL_CONVERSION = YES;
				CLANG_WARN_OBJC_ROOT_CLASS = YES_ERROR;
				CLANG_WARN_QUOTED_INCLUDE_IN_FRAMEWORK_HEADER = YES;
				CLANG_WARN_RANGE_LOOP_ANALYSIS = YES;
				CLANG_WARN_STRICT_PROTOTYPES = YES;
				CLANG_WARN_SUSPICIOUS_MOVE = YES;
				CLANG_WARN_UNGUARDED_AVAILABILITY = YES_AGGRESSIVE;
				CLANG_WARN_UNREACHABLE_CODE = YES;
				CLANG_WARN__DUPLICATE_METHOD_MATCH = YES;
				COPY_PHASE_STRIP = NO;
				DEBUG_INFORMATION_FORMAT = "dwarf-with-dsym";
				ENABLE_NS_ASSERTIONS = NO;
				ENABLE_STRICT_OBJC_MSGSEND = YES;
				GCC_C_LANGUAGE_STANDARD = gnu11;
				GCC_NO_COMMON_BLOCKS = YES;
				GCC_WARN_64_TO_32_BIT_CONVERSION = YES;
				GCC_WARN_ABOUT_RETURN_TYPE = YES_ERROR;
				GCC_WARN_UNDECLARED_SELECTOR = YES;
				GCC_WARN_UNINITIALIZED_AUTOS = YES_AGGRESSIVE;
				GCC_WARN_UNUSED_FUNCTION = YES;
				GCC_WARN_UNUSED_VARIABLE = YES;
				IPHONEOS_DEPLOYMENT_TARGET = 14.3;
				MTL_ENABLE_DEBUG_INFO = NO;
				MTL_FAST_MATH = YES;
				SDKROOT = iphoneos;
				SWIFT_COMPILATION_MODE = wholemodule;
				SWIFT_OPTIMIZATION_LEVEL = "-O";
				VALIDATE_PRODUCT = YES;
			};
			name = Release;
		};
		6E6625F72588CAC500D4F7A3 /* Debug */ = {
			isa = XCBuildConfiguration;
			buildSettings = {
				ASSETCATALOG_COMPILER_APPICON_NAME = AppIcon;
				ASSETCATALOG_COMPILER_GLOBAL_ACCENT_COLOR_NAME = AccentColor;
				CODE_SIGN_STYLE = Automatic;
				DEVELOPMENT_TEAM = G6MG2M7T86;
				INFOPLIST_FILE = FoodTracker/Info.plist;
				LD_RUNPATH_SEARCH_PATHS = (
					"$(inherited)",
					"@executable_path/Frameworks",
				);
				PRODUCT_BUNDLE_IDENTIFIER = com.JunSeobKim.FoodTracker;
				PRODUCT_NAME = "$(TARGET_NAME)";
				SWIFT_VERSION = 5.0;
				TARGETED_DEVICE_FAMILY = "1,2";
			};
			name = Debug;
		};
		6E6625F82588CAC500D4F7A3 /* Release */ = {
			isa = XCBuildConfiguration;
			buildSettings = {
				ASSETCATALOG_COMPILER_APPICON_NAME = AppIcon;
				ASSETCATALOG_COMPILER_GLOBAL_ACCENT_COLOR_NAME = AccentColor;
				CODE_SIGN_STYLE = Automatic;
				DEVELOPMENT_TEAM = G6MG2M7T86;
				INFOPLIST_FILE = FoodTracker/Info.plist;
				LD_RUNPATH_SEARCH_PATHS = (
					"$(inherited)",
					"@executable_path/Frameworks",
				);
				PRODUCT_BUNDLE_IDENTIFIER = com.JunSeobKim.FoodTracker;
				PRODUCT_NAME = "$(TARGET_NAME)";
				SWIFT_VERSION = 5.0;
				TARGETED_DEVICE_FAMILY = "1,2";
			};
			name = Release;
		};
		6E6625FA2588CAC500D4F7A3 /* Debug */ = {
			isa = XCBuildConfiguration;
			buildSettings = {
				ALWAYS_EMBED_SWIFT_STANDARD_LIBRARIES = YES;
				BUNDLE_LOADER = "$(TEST_HOST)";
				CODE_SIGN_STYLE = Automatic;
				DEVELOPMENT_TEAM = G6MG2M7T86;
				INFOPLIST_FILE = FoodTrackerTests/Info.plist;
				IPHONEOS_DEPLOYMENT_TARGET = 14.3;
				LD_RUNPATH_SEARCH_PATHS = (
					"$(inherited)",
					"@executable_path/Frameworks",
					"@loader_path/Frameworks",
				);
				PRODUCT_BUNDLE_IDENTIFIER = com.JunSeobKim.FoodTrackerTests;
				PRODUCT_NAME = "$(TARGET_NAME)";
				SWIFT_VERSION = 5.0;
				TARGETED_DEVICE_FAMILY = "1,2";
				TEST_HOST = "$(BUILT_PRODUCTS_DIR)/FoodTracker.app/FoodTracker";
			};
			name = Debug;
		};
		6E6625FB2588CAC500D4F7A3 /* Release */ = {
			isa = XCBuildConfiguration;
			buildSettings = {
				ALWAYS_EMBED_SWIFT_STANDARD_LIBRARIES = YES;
				BUNDLE_LOADER = "$(TEST_HOST)";
				CODE_SIGN_STYLE = Automatic;
				DEVELOPMENT_TEAM = G6MG2M7T86;
				INFOPLIST_FILE = FoodTrackerTests/Info.plist;
				IPHONEOS_DEPLOYMENT_TARGET = 14.3;
				LD_RUNPATH_SEARCH_PATHS = (
					"$(inherited)",
					"@executable_path/Frameworks",
					"@loader_path/Frameworks",
				);
				PRODUCT_BUNDLE_IDENTIFIER = com.JunSeobKim.FoodTrackerTests;
				PRODUCT_NAME = "$(TARGET_NAME)";
				SWIFT_VERSION = 5.0;
				TARGETED_DEVICE_FAMILY = "1,2";
				TEST_HOST = "$(BUILT_PRODUCTS_DIR)/FoodTracker.app/FoodTracker";
			};
			name = Release;
		};
		6E6625FD2588CAC500D4F7A3 /* Debug */ = {
			isa = XCBuildConfiguration;
			buildSettings = {
				ALWAYS_EMBED_SWIFT_STANDARD_LIBRARIES = YES;
				CODE_SIGN_STYLE = Automatic;
				DEVELOPMENT_TEAM = G6MG2M7T86;
				INFOPLIST_FILE = FoodTrackerUITests/Info.plist;
				LD_RUNPATH_SEARCH_PATHS = (
					"$(inherited)",
					"@executable_path/Frameworks",
					"@loader_path/Frameworks",
				);
				PRODUCT_BUNDLE_IDENTIFIER = com.JunSeobKim.FoodTrackerUITests;
				PRODUCT_NAME = "$(TARGET_NAME)";
				SWIFT_VERSION = 5.0;
				TARGETED_DEVICE_FAMILY = "1,2";
				TEST_TARGET_NAME = FoodTracker;
			};
			name = Debug;
		};
		6E6625FE2588CAC500D4F7A3 /* Release */ = {
			isa = XCBuildConfiguration;
			buildSettings = {
				ALWAYS_EMBED_SWIFT_STANDARD_LIBRARIES = YES;
				CODE_SIGN_STYLE = Automatic;
				DEVELOPMENT_TEAM = G6MG2M7T86;
				INFOPLIST_FILE = FoodTrackerUITests/Info.plist;
				LD_RUNPATH_SEARCH_PATHS = (
					"$(inherited)",
					"@executable_path/Frameworks",
					"@loader_path/Frameworks",
				);
				PRODUCT_BUNDLE_IDENTIFIER = com.JunSeobKim.FoodTrackerUITests;
				PRODUCT_NAME = "$(TARGET_NAME)";
				SWIFT_VERSION = 5.0;
				TARGETED_DEVICE_FAMILY = "1,2";
				TEST_TARGET_NAME = FoodTracker;
			};
			name = Release;
		};
/* End XCBuildConfiguration section */

/* Begin XCConfigurationList section */
		6E6625C72588CAC400D4F7A3 /* Build configuration list for PBXProject "FoodTracker" */ = {
			isa = XCConfigurationList;
			buildConfigurations = (
				6E6625F42588CAC500D4F7A3 /* Debug */,
				6E6625F52588CAC500D4F7A3 /* Release */,
			);
			defaultConfigurationIsVisible = 0;
			defaultConfigurationName = Release;
		};
		6E6625F62588CAC500D4F7A3 /* Build configuration list for PBXNativeTarget "FoodTracker" */ = {
			isa = XCConfigurationList;
			buildConfigurations = (
				6E6625F72588CAC500D4F7A3 /* Debug */,
				6E6625F82588CAC500D4F7A3 /* Release */,
			);
			defaultConfigurationIsVisible = 0;
			defaultConfigurationName = Release;
		};
		6E6625F92588CAC500D4F7A3 /* Build configuration list for PBXNativeTarget "FoodTrackerTests" */ = {
			isa = XCConfigurationList;
			buildConfigurations = (
				6E6625FA2588CAC500D4F7A3 /* Debug */,
				6E6625FB2588CAC500D4F7A3 /* Release */,
			);
			defaultConfigurationIsVisible = 0;
			defaultConfigurationName = Release;
		};
		6E6625FC2588CAC500D4F7A3 /* Build configuration list for PBXNativeTarget "FoodTrackerUITests" */ = {
			isa = XCConfigurationList;
			buildConfigurations = (
				6E6625FD2588CAC500D4F7A3 /* Debug */,
				6E6625FE2588CAC500D4F7A3 /* Release */,
			);
			defaultConfigurationIsVisible = 0;
			defaultConfigurationName = Release;
		};
/* End XCConfigurationList section */
	};
	rootObject = 6E6625C42588CAC400D4F7A3 /* Project object */;
}
